
Microsoft Visual Studio Solution File, Format Version 12.00
# Visual Studio Version 17
VisualStudioVersion = 17.10.35122.118
MinimumVisualStudioVersion = 10.0.40219.1
Project("{FAE04EC0-301F-11D3-BF4B-00C04F79EFBC}") = "WebApi", "WebApi\WebApi.csproj", "{08EE14AE-BBD6-4E95-966B-D41010A1483D}"
EndProject
Project("{FAE04EC0-301F-11D3-BF4B-00C04F79EFBC}") = "Business", "Business\Business.csproj", "{2FAB0518-A2D6-41F6-82ED-D956C732E7BE}"
EndProject
Project("{FAE04EC0-301F-11D3-BF4B-00C04F79EFBC}") = "DataAccess", "DataAccess\DataAccess.csproj", "{EC8D5D3A-5792-4EEE-92EF-FBE09CF9D189}"
EndProject
Project("{FAE04EC0-301F-11D3-BF4B-00C04F79EFBC}") = "Entities", "Entities\Entities.csproj", "{5CF242A9-D1F6-4E36-96BC-C1817B2B0096}"
EndProject
Project("{FAE04EC0-301F-11D3-BF4B-00C04F79EFBC}") = "Core", "Core\Core.csproj", "{C3C54608-9F31-482D-9782-C2EDCC20482B}"
EndProject
Global
	GlobalSection(SolutionConfigurationPlatforms) = preSolution
		Debug|Any CPU = Debug|Any CPU
		Release|Any CPU = Release|Any CPU
	EndGlobalSection
	GlobalSection(ProjectConfigurationPlatforms) = postSolution
		{08EE14AE-BBD6-4E95-966B-D41010A1483D}.Debug|Any CPU.ActiveCfg = Debug|Any CPU
		{08EE14AE-BBD6-4E95-966B-D41010A1483D}.Debug|Any CPU.Build.0 = Debug|Any CPU
		{08EE14AE-BBD6-4E95-966B-D41010A1483D}.Release|Any CPU.ActiveCfg = Release|Any CPU
		{08EE14AE-BBD6-4E95-966B-D41010A1483D}.Release|Any CPU.Build.0 = Release|Any CPU
		{2FAB0518-A2D6-41F6-82ED-D956C732E7BE}.Debug|Any CPU.ActiveCfg = Debug|Any CPU
		{2FAB0518-A2D6-41F6-82ED-D956C732E7BE}.Debug|Any CPU.Build.0 = Debug|Any CPU
		{2FAB0518-A2D6-41F6-82ED-D956C732E7BE}.Release|Any CPU.ActiveCfg = Release|Any CPU
		{2FAB0518-A2D6-41F6-82ED-D956C732E7BE}.Release|Any CPU.Build.0 = Release|Any CPU
		{EC8D5D3A-5792-4EEE-92EF-FBE09CF9D189}.Debug|Any CPU.ActiveCfg = Debug|Any CPU
		{EC8D5D3A-5792-4EEE-92EF-FBE09CF9D189}.Debug|Any CPU.Build.0 = Debug|Any CPU
		{EC8D5D3A-5792-4EEE-92EF-FBE09CF9D189}.Release|Any CPU.ActiveCfg = Release|Any CPU
		{EC8D5D3A-5792-4EEE-92EF-FBE09CF9D189}.Release|Any CPU.Build.0 = Release|Any CPU
		{5CF242A9-D1F6-4E36-96BC-C1817B2B0096}.Debug|Any CPU.ActiveCfg = Debug|Any CPU
		{5CF242A9-D1F6-4E36-96BC-C1817B2B0096}.Debug|Any CPU.Build.0 = Debug|Any CPU
		{5CF242A9-D1F6-4E36-96BC-C1817B2B0096}.Release|Any CPU.ActiveCfg = Release|Any CPU
		{5CF242A9-D1F6-4E36-96BC-C1817B2B0096}.Release|Any CPU.Build.0 = Release|Any CPU
		{C3C54608-9F31-482D-9782-C2EDCC20482B}.Debug|Any CPU.ActiveCfg = Debug|Any CPU
		{C3C54608-9F31-482D-9782-C2EDCC20482B}.Debug|Any CPU.Build.0 = Debug|Any CPU
		{C3C54608-9F31-482D-9782-C2EDCC20482B}.Release|Any CPU.ActiveCfg = Release|Any CPU
		{C3C54608-9F31-482D-9782-C2EDCC20482B}.Release|Any CPU.Build.0 = Release|Any CPU
	EndGlobalSection
	GlobalSection(SolutionProperties) = preSolution
		HideSolutionNode = FALSE
	EndGlobalSection
	GlobalSection(ExtensibilityGlobals) = postSolution
		SolutionGuid = {C6146A08-4857-4489-BB01-B08DBEC13FB8}
	EndGlobalSection
EndGlobal
